
Microsoft Visual Studio Solution File, Format Version 12.00
# Visual Studio 2013
VisualStudioVersion = 12.0.20827.3
MinimumVisualStudioVersion = 10.0.40219.1
Project("{FAE04EC0-301F-11D3-BF4B-00C04F79EFBC}") = "01.RegistrationValidator", "01.RegistrationValidator\01.RegistrationValidator.csproj", "{5A2BCD08-0261-4438-A04E-0A5C1BB830A8}"
EndProject
Project("{FAE04EC0-301F-11D3-BF4B-00C04F79EFBC}") = "02.GroupValidation", "02.GroupValidation\02.GroupValidation.csproj", "{ED87C561-2F23-4C0A-98B4-CFD96E32B0FD}"
EndProject
Global
	GlobalSection(SolutionConfigurationPlatforms) = preSolution
		Debug|Any CPU = Debug|Any CPU
		Release|Any CPU = Release|Any CPU
	EndGlobalSection
	GlobalSection(ProjectConfigurationPlatforms) = postSolution
		{5A2BCD08-0261-4438-A04E-0A5C1BB830A8}.Debug|Any CPU.ActiveCfg = Debug|Any CPU
		{5A2BCD08-0261-4438-A04E-0A5C1BB830A8}.Debug|Any CPU.Build.0 = Debug|Any CPU
		{5A2BCD08-0261-4438-A04E-0A5C1BB830A8}.Release|Any CPU.ActiveCfg = Release|Any CPU
		{5A2BCD08-0261-4438-A04E-0A5C1BB830A8}.Release|Any CPU.Build.0 = Release|Any CPU
		{ED87C561-2F23-4C0A-98B4-CFD96E32B0FD}.Debug|Any CPU.ActiveCfg = Debug|Any CPU
		{ED87C561-2F23-4C0A-98B4-CFD96E32B0FD}.Debug|Any CPU.Build.0 = Debug|Any CPU
		{ED87C561-2F23-4C0A-98B4-CFD96E32B0FD}.Release|Any CPU.ActiveCfg = Release|Any CPU
		{ED87C561-2F23-4C0A-98B4-CFD96E32B0FD}.Release|Any CPU.Build.0 = Release|Any CPU
	EndGlobalSection
	GlobalSection(SolutionProperties) = preSolution
		HideSolutionNode = FALSE
	EndGlobalSection
EndGlobal
